<?xml version="1.0" encoding="utf-8"?>
<Project DefaultTargets="Build" ToolsVersion="4.0" xmlns="http://schemas.microsoft.com/developer/msbuild/2003">
  <PropertyGroup>
    <Configuration Condition=" '$(Configuration)' == '' ">Debug</Configuration>
    <Platform Condition=" '$(Platform)' == '' ">AnyCPU</Platform>
    <ProjectGuid>{02800ADC-E8AB-4001-8D6D-F44FFD52B44A}</ProjectGuid>
    <UseDefaultCompiler>true</UseDefaultCompiler>
    <IncrementalLinking>true</IncrementalLinking>
    <PreferOneStepBuild>true</PreferOneStepBuild>
    <BaseDirectory>..</BaseDirectory>
    <Includes>
      <Includes>
        <Path>..\..</Path>
      </Includes>
    </Includes>
    <Compiler>DMD2</Compiler>
  </PropertyGroup>
  <PropertyGroup Condition=" '$(Configuration)|$(Platform)' == 'Debug|AnyCPU' ">
    <DebugSymbols>true</DebugSymbols>
    <OutputPath>..\..\lib</OutputPath>
    <LinkinThirdPartyLibraries>false</LinkinThirdPartyLibraries>
    <ObjectsDirectory>obj\Debug</ObjectsDirectory>
    <DebugLevel>0</DebugLevel>
    <UnittestMode>false</UnittestMode>
    <Externalconsole>true</Externalconsole>
    <Target>StaticLibrary</Target>
    <OutputName>libaurorai64d</OutputName>
    <ExtraCompilerArguments>-m64</ExtraCompilerArguments>
    <VersionIds>
      <VersionIds>
        <String>DX11_1</String>
      </VersionIds>
    </VersionIds>
    <ExtraLinkerArguments> /EXPORT:WinMain</ExtraLinkerArguments>
  </PropertyGroup>
  <PropertyGroup Condition=" '$(Configuration)|$(Platform)' == 'Release|AnyCPU' ">
    <OutputPath>..\..\lib</OutputPath>
    <LinkinThirdPartyLibraries>false</LinkinThirdPartyLibraries>
    <ObjectsDirectory>obj\Release</ObjectsDirectory>
    <DebugLevel>0</DebugLevel>
    <UnittestMode>false</UnittestMode>
    <Externalconsole>true</Externalconsole>
    <Target>StaticLibrary</Target>
    <OutputName>libaurorai64</OutputName>
    <ExtraCompilerArguments>-m64</ExtraCompilerArguments>
    <VersionIds>
      <VersionIds>
        <String>DX11_1</String>
      </VersionIds>
    </VersionIds>
    <ExtraLinkerArguments> -v</ExtraLinkerArguments>
  </PropertyGroup>
  <PropertyGroup Condition=" '$(Configuration)|$(Platform)' == 'Unittest|AnyCPU' ">
    <DebugSymbols>true</DebugSymbols>
    <OutputPath>bin\Unittest</OutputPath>
    <LinkinThirdPartyLibraries>false</LinkinThirdPartyLibraries>
    <ObjectsDirectory>obj\Unittest</ObjectsDirectory>
    <DebugLevel>0</DebugLevel>
    <UnittestMode>true</UnittestMode>
    <Externalconsole>true</Externalconsole>
    <Target>Executable</Target>
    <OutputName>libmonod</OutputName>
    <ExtraCompilerArguments>-m64</ExtraCompilerArguments>
    <ExtraLinkerArguments> -v</ExtraLinkerArguments>
  </PropertyGroup>
  <ItemGroup>
    <Compile Include="..\entry.d" />
    <Compile Include="..\application.d" />
    <Compile Include="..\window.d" />
    <Compile Include="..\package.d" />
    <Compile Include="..\input.d" />
    <Compile Include="..\types.d" />
  </ItemGroup>
</Project>